
Microsoft Visual Studio Solution File, Format Version 12.00
# Visual Studio Version 17
VisualStudioVersion = 17.11.35222.181
MinimumVisualStudioVersion = 10.0.40219.1
Project("{FAE04EC0-301F-11D3-BF4B-00C04F79EFBC}") = "07.11", "07.11.csproj", "{C002E620-4CB0-4DDD-AFDF-2422D1CBAADA}"
EndProject
Global
	GlobalSection(SolutionConfigurationPlatforms) = preSolution
		Debug|Any CPU = Debug|Any CPU
		Release|Any CPU = Release|Any CPU
	EndGlobalSection
	GlobalSection(ProjectConfigurationPlatforms) = postSolution
		{C002E620-4CB0-4DDD-AFDF-2422D1CBAADA}.Debug|Any CPU.ActiveCfg = Debug|Any CPU
		{C002E620-4CB0-4DDD-AFDF-2422D1CBAADA}.Debug|Any CPU.Build.0 = Debug|Any CPU
		{C002E620-4CB0-4DDD-AFDF-2422D1CBAADA}.Release|Any CPU.ActiveCfg = Release|Any CPU
		{C002E620-4CB0-4DDD-AFDF-2422D1CBAADA}.Release|Any CPU.Build.0 = Release|Any CPU
	EndGlobalSection
	GlobalSection(SolutionProperties) = preSolution
		HideSolutionNode = FALSE
	EndGlobalSection
	GlobalSection(ExtensibilityGlobals) = postSolution
		SolutionGuid = {2A474D2C-71C1-4B3E-812A-3EA1FE1156A2}
	EndGlobalSection
EndGlobal
